
Microsoft Visual Studio Solution File, Format Version 12.00
# Visual Studio Express 15 for Windows Desktop
VisualStudioVersion = 15.0.27130.2010
MinimumVisualStudioVersion = 10.0.40219.1
Project("{8BC9CEB8-8B4A-11D0-8D11-00A0C91BC942}") = "NeuralNetwork", "NeuralNetwork\NeuralNetwork.vcxproj", "{808F2A41-7FBB-41C6-AEC3-B540E3B3074C}"
	ProjectSection(ProjectDependencies) = postProject
		{E08E042A-6C45-411B-92BE-3CC31331019F} = {E08E042A-6C45-411B-92BE-3CC31331019F}
	EndProjectSection
EndProject
Project("{8BC9CEB8-8B4A-11D0-8D11-00A0C91BC942}") = "Irrlicht", "irrlicht\source\Irrlicht\Irrlicht12.0.vcxproj", "{E08E042A-6C45-411B-92BE-3CC31331019F}"
EndProject
Global
	GlobalSection(SolutionConfigurationPlatforms) = preSolution
		Debug|x64 = Debug|x64
		Debug|x86 = Debug|x86
		Release - Fast FPU|x64 = Release - Fast FPU|x64
		Release - Fast FPU|x86 = Release - Fast FPU|x86
		Release|x64 = Release|x64
		Release|x86 = Release|x86
		SDL-Debug|x64 = SDL-Debug|x64
		SDL-Debug|x86 = SDL-Debug|x86
		Static lib - Debug|x64 = Static lib - Debug|x64
		Static lib - Debug|x86 = Static lib - Debug|x86
		Static lib - Release - Fast FPU|x64 = Static lib - Release - Fast FPU|x64
		Static lib - Release - Fast FPU|x86 = Static lib - Release - Fast FPU|x86
		Static lib - Release|x64 = Static lib - Release|x64
		Static lib - Release|x86 = Static lib - Release|x86
	EndGlobalSection
	GlobalSection(ProjectConfigurationPlatforms) = postSolution
		{808F2A41-7FBB-41C6-AEC3-B540E3B3074C}.Debug|x64.ActiveCfg = Debug|x64
		{808F2A41-7FBB-41C6-AEC3-B540E3B3074C}.Debug|x64.Build.0 = Debug|x64
		{808F2A41-7FBB-41C6-AEC3-B540E3B3074C}.Debug|x86.ActiveCfg = Debug|Win32
		{808F2A41-7FBB-41C6-AEC3-B540E3B3074C}.Debug|x86.Build.0 = Debug|Win32
		{808F2A41-7FBB-41C6-AEC3-B540E3B3074C}.Release - Fast FPU|x64.ActiveCfg = Release|x64
		{808F2A41-7FBB-41C6-AEC3-B540E3B3074C}.Release - Fast FPU|x64.Build.0 = Release|x64
		{808F2A41-7FBB-41C6-AEC3-B540E3B3074C}.Release - Fast FPU|x86.ActiveCfg = Release|Win32
		{808F2A41-7FBB-41C6-AEC3-B540E3B3074C}.Release - Fast FPU|x86.Build.0 = Release|Win32
		{808F2A41-7FBB-41C6-AEC3-B540E3B3074C}.Release|x64.ActiveCfg = Release|x64
		{808F2A41-7FBB-41C6-AEC3-B540E3B3074C}.Release|x64.Build.0 = Release|x64
		{808F2A41-7FBB-41C6-AEC3-B540E3B3074C}.Release|x86.ActiveCfg = Release|Win32
		{808F2A41-7FBB-41C6-AEC3-B540E3B3074C}.Release|x86.Build.0 = Release|Win32
		{808F2A41-7FBB-41C6-AEC3-B540E3B3074C}.SDL-Debug|x64.ActiveCfg = Debug|x64
		{808F2A41-7FBB-41C6-AEC3-B540E3B3074C}.SDL-Debug|x64.Build.0 = Debug|x64
		{808F2A41-7FBB-41C6-AEC3-B540E3B3074C}.SDL-Debug|x86.ActiveCfg = Debug|Win32
		{808F2A41-7FBB-41C6-AEC3-B540E3B3074C}.SDL-Debug|x86.Build.0 = Debug|Win32
		{808F2A41-7FBB-41C6-AEC3-B540E3B3074C}.Static lib - Debug|x64.ActiveCfg = Debug|x64
		{808F2A41-7FBB-41C6-AEC3-B540E3B3074C}.Static lib - Debug|x64.Build.0 = Debug|x64
		{808F2A41-7FBB-41C6-AEC3-B540E3B3074C}.Static lib - Debug|x86.ActiveCfg = Debug|Win32
		{808F2A41-7FBB-41C6-AEC3-B540E3B3074C}.Static lib - Debug|x86.Build.0 = Debug|Win32
		{808F2A41-7FBB-41C6-AEC3-B540E3B3074C}.Static lib - Release - Fast FPU|x64.ActiveCfg = Release|x64
		{808F2A41-7FBB-41C6-AEC3-B540E3B3074C}.Static lib - Release - Fast FPU|x64.Build.0 = Release|x64
		{808F2A41-7FBB-41C6-AEC3-B540E3B3074C}.Static lib - Release - Fast FPU|x86.ActiveCfg = Release|Win32
		{808F2A41-7FBB-41C6-AEC3-B540E3B3074C}.Static lib - Release - Fast FPU|x86.Build.0 = Release|Win32
		{808F2A41-7FBB-41C6-AEC3-B540E3B3074C}.Static lib - Release|x64.ActiveCfg = Release|x64
		{808F2A41-7FBB-41C6-AEC3-B540E3B3074C}.Static lib - Release|x64.Build.0 = Release|x64
		{808F2A41-7FBB-41C6-AEC3-B540E3B3074C}.Static lib - Release|x86.ActiveCfg = Release|Win32
		{808F2A41-7FBB-41C6-AEC3-B540E3B3074C}.Static lib - Release|x86.Build.0 = Release|Win32
		{E08E042A-6C45-411B-92BE-3CC31331019F}.Debug|x64.ActiveCfg = Debug|x64
		{E08E042A-6C45-411B-92BE-3CC31331019F}.Debug|x64.Build.0 = Debug|x64
		{E08E042A-6C45-411B-92BE-3CC31331019F}.Debug|x86.ActiveCfg = Debug|Win32
		{E08E042A-6C45-411B-92BE-3CC31331019F}.Debug|x86.Build.0 = Debug|Win32
		{E08E042A-6C45-411B-92BE-3CC31331019F}.Release - Fast FPU|x64.ActiveCfg = Release - Fast FPU|x64
		{E08E042A-6C45-411B-92BE-3CC31331019F}.Release - Fast FPU|x64.Build.0 = Release - Fast FPU|x64
		{E08E042A-6C45-411B-92BE-3CC31331019F}.Release - Fast FPU|x86.ActiveCfg = Release - Fast FPU|Win32
		{E08E042A-6C45-411B-92BE-3CC31331019F}.Release - Fast FPU|x86.Build.0 = Release - Fast FPU|Win32
		{E08E042A-6C45-411B-92BE-3CC31331019F}.Release|x64.ActiveCfg = Release|x64
		{E08E042A-6C45-411B-92BE-3CC31331019F}.Release|x64.Build.0 = Release|x64
		{E08E042A-6C45-411B-92BE-3CC31331019F}.Release|x86.ActiveCfg = Release|Win32
		{E08E042A-6C45-411B-92BE-3CC31331019F}.Release|x86.Build.0 = Release|Win32
		{E08E042A-6C45-411B-92BE-3CC31331019F}.SDL-Debug|x64.ActiveCfg = SDL-Debug|x64
		{E08E042A-6C45-411B-92BE-3CC31331019F}.SDL-Debug|x64.Build.0 = SDL-Debug|x64
		{E08E042A-6C45-411B-92BE-3CC31331019F}.SDL-Debug|x86.ActiveCfg = SDL-Debug|Win32
		{E08E042A-6C45-411B-92BE-3CC31331019F}.SDL-Debug|x86.Build.0 = SDL-Debug|Win32
		{E08E042A-6C45-411B-92BE-3CC31331019F}.Static lib - Debug|x64.ActiveCfg = Static lib - Debug|x64
		{E08E042A-6C45-411B-92BE-3CC31331019F}.Static lib - Debug|x64.Build.0 = Static lib - Debug|x64
		{E08E042A-6C45-411B-92BE-3CC31331019F}.Static lib - Debug|x86.ActiveCfg = Static lib - Debug|Win32
		{E08E042A-6C45-411B-92BE-3CC31331019F}.Static lib - Debug|x86.Build.0 = Static lib - Debug|Win32
		{E08E042A-6C45-411B-92BE-3CC31331019F}.Static lib - Release - Fast FPU|x64.ActiveCfg = Static lib - Release - Fast FPU|x64
		{E08E042A-6C45-411B-92BE-3CC31331019F}.Static lib - Release - Fast FPU|x64.Build.0 = Static lib - Release - Fast FPU|x64
		{E08E042A-6C45-411B-92BE-3CC31331019F}.Static lib - Release - Fast FPU|x86.ActiveCfg = Static lib - Release - Fast FPU|Win32
		{E08E042A-6C45-411B-92BE-3CC31331019F}.Static lib - Release - Fast FPU|x86.Build.0 = Static lib - Release - Fast FPU|Win32
		{E08E042A-6C45-411B-92BE-3CC31331019F}.Static lib - Release|x64.ActiveCfg = Static lib - Release|x64
		{E08E042A-6C45-411B-92BE-3CC31331019F}.Static lib - Release|x64.Build.0 = Static lib - Release|x64
		{E08E042A-6C45-411B-92BE-3CC31331019F}.Static lib - Release|x86.ActiveCfg = Static lib - Release|Win32
		{E08E042A-6C45-411B-92BE-3CC31331019F}.Static lib - Release|x86.Build.0 = Static lib - Release|Win32
	EndGlobalSection
	GlobalSection(SolutionProperties) = preSolution
		HideSolutionNode = FALSE
	EndGlobalSection
	GlobalSection(ExtensibilityGlobals) = postSolution
		SolutionGuid = {BB40E7F0-5ABF-40A7-883E-668083778302}
	EndGlobalSection
EndGlobal
