<?xml version="1.0" encoding="utf-8"?>
<Project ToolsVersion="4.0" xmlns="http://schemas.microsoft.com/developer/msbuild/2003">
  <ItemGroup>
    <Filter Include="src">
      <UniqueIdentifier>{4FC737F1-C7A5-4376-A066-2A32D752A2FF}</UniqueIdentifier>
      <Extensions>cpp;c;cc;cxx;def;odl;idl;hpj;bat;asm;asmx</Extensions>
    </Filter>
    <Filter Include="src\programs">
      <UniqueIdentifier>{d8326f5e-7715-494f-9e0f-506bdc525c34}</UniqueIdentifier>
    </Filter>
    <Filter Include="src\Thread">
      <UniqueIdentifier>{a5744932-e2fb-478d-8584-467d60fbe685}</UniqueIdentifier>
    </Filter>
  </ItemGroup>
  <ItemGroup>
    <ClInclude Include="ThreadDispatcher.h">
      <Filter>src\Thread</Filter>
    </ClInclude>
    <ClInclude Include="WorkerThread.h">
      <Filter>src\Thread</Filter>
    </ClInclude>
    <ClInclude Include="programs.h">
      <Filter>src</Filter>
    </ClInclude>
  </ItemGroup>
  <ItemGroup>
    <ClCompile Include="main.cpp">
      <Filter>src</Filter>
    </ClCompile>
    <ClCompile Include="binaryNumber.cpp">
      <Filter>src\programs</Filter>
    </ClCompile>
    <ClCompile Include="minstNumbers.cpp">
      <Filter>src\programs</Filter>
    </ClCompile>
    <ClCompile Include="WorkerThread.cpp">
      <Filter>src\Thread</Filter>
    </ClCompile>
    <ClCompile Include="ThreadDispatcher.cpp">
      <Filter>src\Thread</Filter>
    </ClCompile>
  </ItemGroup>
</Project>