<?xml version="1.0" encoding="utf-8"?>
<Project ToolsVersion="4.0" xmlns="http://schemas.microsoft.com/developer/msbuild/2003">
  <ItemGroup>
    <Filter Include="Source Files">
      <UniqueIdentifier>{4FC737F1-C7A5-4376-A066-2A32D752A2FF}</UniqueIdentifier>
      <Extensions>cpp;c;cc;cxx;def;odl;idl;hpj;bat;asm;asmx</Extensions>
    </Filter>
    <Filter Include="Header Files">
      <UniqueIdentifier>{93995380-89BD-4b04-88EB-625FBE52EBFB}</UniqueIdentifier>
      <Extensions>h;hh;hpp;hxx;hm;inl;inc;xsd</Extensions>
    </Filter>
    <Filter Include="Resource Files">
      <UniqueIdentifier>{67DA6AB6-F800-4c08-8B7A-83BB121AAD01}</UniqueIdentifier>
      <Extensions>rc;ico;cur;bmp;dlg;rc2;rct;bin;rgs;gif;jpg;jpeg;jpe;resx;tiff;tif;png;wav;mfcribbon-ms</Extensions>
    </Filter>
    <Filter Include="Source Files\programs">
      <UniqueIdentifier>{d8326f5e-7715-494f-9e0f-506bdc525c34}</UniqueIdentifier>
    </Filter>
    <Filter Include="Header Files\DataSet">
      <UniqueIdentifier>{22ac1eae-4d8e-4b05-ae80-fe437095193e}</UniqueIdentifier>
    </Filter>
    <Filter Include="Source Files\DataSet">
      <UniqueIdentifier>{59619b5a-2b83-4c54-8c43-7377eec8a540}</UniqueIdentifier>
    </Filter>
    <Filter Include="Header Files\Thread">
      <UniqueIdentifier>{e0a42eda-d2dc-47a3-bb9a-50c7f4f8a9cc}</UniqueIdentifier>
    </Filter>
    <Filter Include="Source Files\Thread">
      <UniqueIdentifier>{a5744932-e2fb-478d-8584-467d60fbe685}</UniqueIdentifier>
    </Filter>
    <Filter Include="Header Files\NeuralNetwork">
      <UniqueIdentifier>{7be7a952-fcbe-4f86-8320-adaf687ecee4}</UniqueIdentifier>
    </Filter>
    <Filter Include="Source Files\NeuralNetwork">
      <UniqueIdentifier>{50740804-5c59-47ef-9727-98bf2aee298e}</UniqueIdentifier>
    </Filter>
  </ItemGroup>
  <ItemGroup>
    <ClInclude Include="programs.h">
      <Filter>Header Files</Filter>
    </ClInclude>
    <ClInclude Include="DataSet.h">
      <Filter>Header Files\DataSet</Filter>
    </ClInclude>
    <ClInclude Include="PlainDataSet.h">
      <Filter>Header Files\DataSet</Filter>
    </ClInclude>
    <ClInclude Include="PartitionedDataSet.h">
      <Filter>Header Files\DataSet</Filter>
    </ClInclude>
    <ClInclude Include="MinstDataSet.h">
      <Filter>Header Files\DataSet</Filter>
    </ClInclude>
    <ClInclude Include="WorkerThread.h">
      <Filter>Header Files\Thread</Filter>
    </ClInclude>
    <ClInclude Include="ThreadDispatcher.h">
      <Filter>Header Files\Thread</Filter>
    </ClInclude>
    <ClInclude Include="BinNumNetwork.h">
      <Filter>Header Files\NeuralNetwork</Filter>
    </ClInclude>
    <ClInclude Include="Layer.h">
      <Filter>Header Files\NeuralNetwork</Filter>
    </ClInclude>
    <ClInclude Include="NetworkLoader.h">
      <Filter>Header Files\NeuralNetwork</Filter>
    </ClInclude>
    <ClInclude Include="NeuralNetwork.h">
      <Filter>Header Files\NeuralNetwork</Filter>
    </ClInclude>
    <ClInclude Include="Neuron.h">
      <Filter>Header Files\NeuralNetwork</Filter>
    </ClInclude>
    <ClInclude Include="Perceptron.h">
      <Filter>Header Files\NeuralNetwork</Filter>
    </ClInclude>
    <ClInclude Include="MultiThreadedLayer.h">
      <Filter>Header Files\NeuralNetwork</Filter>
    </ClInclude>
    <ClInclude Include="MultiThreadedLayer2.h">
      <Filter>Header Files\NeuralNetwork</Filter>
    </ClInclude>
  </ItemGroup>
  <ItemGroup>
    <ClCompile Include="main.cpp">
      <Filter>Source Files</Filter>
    </ClCompile>
    <ClCompile Include="binaryNumber.cpp">
      <Filter>Source Files\programs</Filter>
    </ClCompile>
    <ClCompile Include="minstNumbers.cpp">
      <Filter>Source Files\programs</Filter>
    </ClCompile>
    <ClCompile Include="DataSet.cpp">
      <Filter>Source Files\DataSet</Filter>
    </ClCompile>
    <ClCompile Include="PlainDataSet.cpp">
      <Filter>Source Files\DataSet</Filter>
    </ClCompile>
    <ClCompile Include="PartitionedDataSet.cpp">
      <Filter>Source Files\DataSet</Filter>
    </ClCompile>
    <ClCompile Include="MinstDataSet.cpp">
      <Filter>Source Files\DataSet</Filter>
    </ClCompile>
    <ClCompile Include="WorkerThread.cpp">
      <Filter>Source Files\Thread</Filter>
    </ClCompile>
    <ClCompile Include="ThreadDispatcher.cpp">
      <Filter>Source Files\Thread</Filter>
    </ClCompile>
    <ClCompile Include="Layer.cpp">
      <Filter>Source Files\NeuralNetwork</Filter>
    </ClCompile>
    <ClCompile Include="NetworkLoader.cpp">
      <Filter>Source Files\NeuralNetwork</Filter>
    </ClCompile>
    <ClCompile Include="NeuralNetwork.cpp">
      <Filter>Source Files\NeuralNetwork</Filter>
    </ClCompile>
    <ClCompile Include="Neuron.cpp">
      <Filter>Source Files\NeuralNetwork</Filter>
    </ClCompile>
    <ClCompile Include="MultiThreadedLayer.cpp">
      <Filter>Source Files\NeuralNetwork</Filter>
    </ClCompile>
    <ClCompile Include="MultiThreadedLayer2.cpp">
      <Filter>Source Files\NeuralNetwork</Filter>
    </ClCompile>
  </ItemGroup>
</Project>